
Microsoft Visual Studio Solution File, Format Version 12.00
# Visual Studio 14
VisualStudioVersion = 14.0.23107.0
MinimumVisualStudioVersion = 10.0.40219.1
Project("{FAE04EC0-301F-11D3-BF4B-00C04F79EFBC}") = "VoiceRecognition", "VoiceRecognition\VoiceRecognition.csproj", "{6683ABA2-282D-46AA-941D-6184D7F0F760}"
EndProject
Global
	GlobalSection(SolutionConfigurationPlatforms) = preSolution
		Debug|Any CPU = Debug|Any CPU
		Release|Any CPU = Release|Any CPU
	EndGlobalSection
	GlobalSection(ProjectConfigurationPlatforms) = postSolution
		{6683ABA2-282D-46AA-941D-6184D7F0F760}.Debug|Any CPU.ActiveCfg = Debug|Any CPU
		{6683ABA2-282D-46AA-941D-6184D7F0F760}.Debug|Any CPU.Build.0 = Debug|Any CPU
		{6683ABA2-282D-46AA-941D-6184D7F0F760}.Release|Any CPU.ActiveCfg = Release|Any CPU
		{6683ABA2-282D-46AA-941D-6184D7F0F760}.Release|Any CPU.Build.0 = Release|Any CPU
	EndGlobalSection
	GlobalSection(SolutionProperties) = preSolution
		HideSolutionNode = FALSE
	EndGlobalSection
EndGlobal
